
Microsoft Visual Studio Solution File, Format Version 12.00
# Visual Studio Version 16
VisualStudioVersion = 16.0.31112.23
MinimumVisualStudioVersion = 10.0.40219.1
Project("{FAE04EC0-301F-11D3-BF4B-00C04F79EFBC}") = "MyDeposito", "MyDeposito\MyDeposito.csproj", "{FEA5761E-CB53-4D0E-9C25-438B238F947C}"
EndProject
Global
	GlobalSection(SolutionConfigurationPlatforms) = preSolution
		Debug|Any CPU = Debug|Any CPU
		Release|Any CPU = Release|Any CPU
	EndGlobalSection
	GlobalSection(ProjectConfigurationPlatforms) = postSolution
		{FEA5761E-CB53-4D0E-9C25-438B238F947C}.Debug|Any CPU.ActiveCfg = Debug|Any CPU
		{FEA5761E-CB53-4D0E-9C25-438B238F947C}.Debug|Any CPU.Build.0 = Debug|Any CPU
		{FEA5761E-CB53-4D0E-9C25-438B238F947C}.Release|Any CPU.ActiveCfg = Release|Any CPU
		{FEA5761E-CB53-4D0E-9C25-438B238F947C}.Release|Any CPU.Build.0 = Release|Any CPU
	EndGlobalSection
	GlobalSection(SolutionProperties) = preSolution
		HideSolutionNode = FALSE
	EndGlobalSection
	GlobalSection(ExtensibilityGlobals) = postSolution
		SolutionGuid = {8F151E8A-3689-4AE2-AB0B-3F5F836745DF}
	EndGlobalSection
EndGlobal
